
Microsoft Visual Studio Solution File, Format Version 12.00
# Visual Studio Version 16
VisualStudioVersion = 16.0.31727.386
MinimumVisualStudioVersion = 10.0.40219.1
Project("{9A19103F-16F7-4668-BE54-9A1E7A4F7556}") = "Ensek.CodingExercise", "Ensek.CodingExercise\Ensek.CodingExercise.csproj", "{322CD4F1-E403-408F-ADEC-3BC8B6DFFB6C}"
EndProject
Project("{FAE04EC0-301F-11D3-BF4B-00C04F79EFBC}") = "Ensek.CodingExercise.Domain", "Ensek.CodingExercise.Domain\Ensek.CodingExercise.Domain.csproj", "{EC116679-14F2-472F-A5A0-5CB3AA8F8758}"
EndProject
Project("{FAE04EC0-301F-11D3-BF4B-00C04F79EFBC}") = "Ensek.CodingExercise.Infrastructure", "Ensek.CodingExercise.Infrastructure\Ensek.CodingExercise.Infrastructure.csproj", "{D094BFB0-D37E-4E74-99DB-F22389B43487}"
EndProject
Project("{FAE04EC0-301F-11D3-BF4B-00C04F79EFBC}") = "Ensek.CodingExercise.Domain.UnitTests", "Ensek.CodingExercise.Domain.UnitTests\Ensek.CodingExercise.Domain.UnitTests.csproj", "{F1EBD681-06DA-445D-B9E9-216E363A0093}"
EndProject
Global
	GlobalSection(SolutionConfigurationPlatforms) = preSolution
		Debug|Any CPU = Debug|Any CPU
		Release|Any CPU = Release|Any CPU
	EndGlobalSection
	GlobalSection(ProjectConfigurationPlatforms) = postSolution
		{322CD4F1-E403-408F-ADEC-3BC8B6DFFB6C}.Debug|Any CPU.ActiveCfg = Debug|Any CPU
		{322CD4F1-E403-408F-ADEC-3BC8B6DFFB6C}.Debug|Any CPU.Build.0 = Debug|Any CPU
		{322CD4F1-E403-408F-ADEC-3BC8B6DFFB6C}.Release|Any CPU.ActiveCfg = Release|Any CPU
		{322CD4F1-E403-408F-ADEC-3BC8B6DFFB6C}.Release|Any CPU.Build.0 = Release|Any CPU
		{EC116679-14F2-472F-A5A0-5CB3AA8F8758}.Debug|Any CPU.ActiveCfg = Debug|Any CPU
		{EC116679-14F2-472F-A5A0-5CB3AA8F8758}.Debug|Any CPU.Build.0 = Debug|Any CPU
		{EC116679-14F2-472F-A5A0-5CB3AA8F8758}.Release|Any CPU.ActiveCfg = Release|Any CPU
		{EC116679-14F2-472F-A5A0-5CB3AA8F8758}.Release|Any CPU.Build.0 = Release|Any CPU
		{D094BFB0-D37E-4E74-99DB-F22389B43487}.Debug|Any CPU.ActiveCfg = Debug|Any CPU
		{D094BFB0-D37E-4E74-99DB-F22389B43487}.Debug|Any CPU.Build.0 = Debug|Any CPU
		{D094BFB0-D37E-4E74-99DB-F22389B43487}.Release|Any CPU.ActiveCfg = Release|Any CPU
		{D094BFB0-D37E-4E74-99DB-F22389B43487}.Release|Any CPU.Build.0 = Release|Any CPU
		{F1EBD681-06DA-445D-B9E9-216E363A0093}.Debug|Any CPU.ActiveCfg = Debug|Any CPU
		{F1EBD681-06DA-445D-B9E9-216E363A0093}.Debug|Any CPU.Build.0 = Debug|Any CPU
		{F1EBD681-06DA-445D-B9E9-216E363A0093}.Release|Any CPU.ActiveCfg = Release|Any CPU
		{F1EBD681-06DA-445D-B9E9-216E363A0093}.Release|Any CPU.Build.0 = Release|Any CPU
	EndGlobalSection
	GlobalSection(SolutionProperties) = preSolution
		HideSolutionNode = FALSE
	EndGlobalSection
	GlobalSection(ExtensibilityGlobals) = postSolution
		SolutionGuid = {FE1CEBDC-71F5-4658-9E67-45DC875AFAD4}
	EndGlobalSection
EndGlobal
